
Microsoft Visual Studio Solution File, Format Version 12.00
# Visual Studio Version 17
VisualStudioVersion = 17.14.37111.16 d17.14
MinimumVisualStudioVersion = 10.0.40219.1
Project("{FAE04EC0-301F-11D3-BF4B-00C04F79EFBC}") = "FinancieraApi", "FinancieraApi\FinancieraApi.csproj", "{54216783-B410-4B33-BB09-9B6410617C71}"
EndProject
Global
	GlobalSection(SolutionConfigurationPlatforms) = preSolution
		Debug|Any CPU = Debug|Any CPU
		Release|Any CPU = Release|Any CPU
	EndGlobalSection
	GlobalSection(ProjectConfigurationPlatforms) = postSolution
		{54216783-B410-4B33-BB09-9B6410617C71}.Debug|Any CPU.ActiveCfg = Debug|Any CPU
		{54216783-B410-4B33-BB09-9B6410617C71}.Debug|Any CPU.Build.0 = Debug|Any CPU
		{54216783-B410-4B33-BB09-9B6410617C71}.Release|Any CPU.ActiveCfg = Release|Any CPU
		{54216783-B410-4B33-BB09-9B6410617C71}.Release|Any CPU.Build.0 = Release|Any CPU
	EndGlobalSection
	GlobalSection(SolutionProperties) = preSolution
		HideSolutionNode = FALSE
	EndGlobalSection
	GlobalSection(ExtensibilityGlobals) = postSolution
		SolutionGuid = {3418CEEA-DE33-4362-8F53-8169DF07C1D5}
	EndGlobalSection
EndGlobal
